
Microsoft Visual Studio Solution File, Format Version 12.00
# Visual Studio Version 17
VisualStudioVersion = 17.14.36414.22
MinimumVisualStudioVersion = 10.0.40219.1
Project("{2150E333-8FDC-42A3-9474-1A3956D46DE8}") = "Task0", "Task0", "{02EA681E-C7D8-13C7-8484-4AC65E1B71E8}"
EndProject
Project("{FAE04EC0-301F-11D3-BF4B-00C04F79EFBC}") = "Tyuiu.PavlovaVV.Sprint1.Task0.V24", "Tyuiu.PavlovaVV.Sprint1.Task0\Tyuiu.PavlovaVV.Sprint1.Task0.V24.csproj", "{BEC22F81-F477-4B26-A2BA-74A62B339B07}"
EndProject
Project("{FAE04EC0-301F-11D3-BF4B-00C04F79EFBC}") = "Tyuiu.PavlovaVV.Sprint1.Task0.V24.Test", "Tyuiu.PavlovaVV.Sprint1.Task0.V0.Test\Tyuiu.PavlovaVV.Sprint1.Task0.V24.Test.csproj", "{A5286E3C-A9D8-4B50-BD32-3BA2600D8811}"
EndProject
Project("{FAE04EC0-301F-11D3-BF4B-00C04F79EFBC}") = "Tyuiu.PavlovaVV.Sprint1.Task0.V24.Lib", "Tyuiu.PavlovaVV.Sprint1.Task0.V0.Lib\Tyuiu.PavlovaVV.Sprint1.Task0.V24.Lib.csproj", "{73AD5393-A14F-4F9B-8307-78EF60B0E838}"
EndProject
Project("{2150E333-8FDC-42A3-9474-1A3956D46DE8}") = "Task1", "Task1", "{FF413BC7-D60B-4D2F-B3EE-09899E2ADE73}"
EndProject
Project("{FAE04EC0-301F-11D3-BF4B-00C04F79EFBC}") = "Tyuiu.PavlovaVV.Sprint1.Task1.V11", "Tyuiu.PavlovaVV.Sprint1.Task1.V11\Tyuiu.PavlovaVV.Sprint1.Task1.V11.csproj", "{2B715B1B-C441-4FDF-B7B4-2EEBD786D9F9}"
EndProject
Project("{FAE04EC0-301F-11D3-BF4B-00C04F79EFBC}") = "Tyuiu.PavlovaVV.Sprint1.Task1.V11.Lib", "Tyuiu.PavlovaVV.Sprint1.Task1.V11.Lib\Tyuiu.PavlovaVV.Sprint1.Task1.V11.Lib.csproj", "{8CF597FC-050D-463C-92C6-593EE023EF87}"
EndProject
Project("{FAE04EC0-301F-11D3-BF4B-00C04F79EFBC}") = "Tyuiu.PavlovaVV.Sprint1.Task1.V11.Test", "Tyuiu.PavlovaVV.Sprint1.Task1.V11.Test\Tyuiu.PavlovaVV.Sprint1.Task1.V11.Test.csproj", "{46D00B4B-8F64-4776-AECD-7D56549B4D00}"
EndProject
Project("{2150E333-8FDC-42A3-9474-1A3956D46DE8}") = "Task2", "Task2", "{7AFBBA12-107F-460C-8577-7036AE272457}"
EndProject
Project("{FAE04EC0-301F-11D3-BF4B-00C04F79EFBC}") = "Tyuiu.PavlovaVV.Sprint1.Task2.V27", "Tyuiu.PavlovaVV.Sprint1.Task2.V27\Tyuiu.PavlovaVV.Sprint1.Task2.V27.csproj", "{BAA2FDBD-9DC0-46FD-A5E3-F5238F3B0008}"
EndProject
Project("{FAE04EC0-301F-11D3-BF4B-00C04F79EFBC}") = "Tyuiu.PavlovaVV.Sprint1.Task2.V27.Lib", "Tyuiu.PavlovaVV.Sprint1.Task2.V27.Lib\Tyuiu.PavlovaVV.Sprint1.Task2.V27.Lib.csproj", "{C7FCA65E-74F5-4882-B8B7-AF7EFEEF98CA}"
EndProject
Project("{FAE04EC0-301F-11D3-BF4B-00C04F79EFBC}") = "Tyuiu.PavlovaVV.Sprint1.Task2.V27.Test", "Tyuiu.PavlovaVV.Sprint1.Task2.V27.Test\Tyuiu.PavlovaVV.Sprint1.Task2.V27.Test.csproj", "{09AEEB5E-CF33-40D3-A41A-05B3FF5151CA}"
EndProject
Project("{2150E333-8FDC-42A3-9474-1A3956D46DE8}") = "Task3", "Task3", "{2B8D7848-990A-45ED-B719-59580F6F1029}"
EndProject
Project("{FAE04EC0-301F-11D3-BF4B-00C04F79EFBC}") = "Tyuiu.PavlovaVV.Sprint1.Task3.V11", "Tyuiu.PavlovaVV.Sprint1.Task3.V11\Tyuiu.PavlovaVV.Sprint1.Task3.V11.csproj", "{804B8C06-7FFF-4072-9727-D7215406A46B}"
EndProject
Project("{FAE04EC0-301F-11D3-BF4B-00C04F79EFBC}") = "Tyuiu.PavlovaVV.Sprint1.Task3.V11.Lib", "Tyuiu.PavlovaVV.Sprint1.Task3.V11.Lib\Tyuiu.PavlovaVV.Sprint1.Task3.V11.Lib.csproj", "{716B21C3-C0CC-4B71-857E-6BD0243018C4}"
EndProject
Project("{FAE04EC0-301F-11D3-BF4B-00C04F79EFBC}") = "Tyuiu.PavlovaVV.Sprint1.Task3.V11.Test", "Tyuiu.PavlovaVV.Sprint1.Task3.V11.Test\Tyuiu.PavlovaVV.Sprint1.Task3.V11.Test.csproj", "{84BE9BFD-6193-45AB-A6F2-2C4DBB9C970D}"
EndProject
Project("{2150E333-8FDC-42A3-9474-1A3956D46DE8}") = "Task4", "Task4", "{44F66422-AC58-4DB5-A4D2-160FD53F9EB4}"
EndProject
Project("{FAE04EC0-301F-11D3-BF4B-00C04F79EFBC}") = "Tyuiu.PavlovaVV.Sprint1.Task4.V1", "Tyuiu.PavlovaVV.Sprint1.Task4.V1\Tyuiu.PavlovaVV.Sprint1.Task4.V1.csproj", "{64E6D624-FCA3-4881-A416-0F2E6D26CF2B}"
EndProject
Project("{FAE04EC0-301F-11D3-BF4B-00C04F79EFBC}") = "Tyuiu.PavlovaVV.Sprint1.Task4.V1.Lib", "Tyuiu.PavlovaVV.Sprint1.Task4.V1.Lib\Tyuiu.PavlovaVV.Sprint1.Task4.V1.Lib.csproj", "{701777AF-6F2F-44D9-8F3E-5C79F53D22C6}"
EndProject
Project("{FAE04EC0-301F-11D3-BF4B-00C04F79EFBC}") = "Tyuiu.PavlovaVV.Sprint1.Task4.V1.Test", "Tyuiu.PavlovaVV.Sprint1.Task4.V1.Test\Tyuiu.PavlovaVV.Sprint1.Task4.V1.Test.csproj", "{8747005C-F369-4C2D-947F-34B2CDD443D2}"
EndProject
Project("{2150E333-8FDC-42A3-9474-1A3956D46DE8}") = "Task5", "Task5", "{8CEA41BA-FA08-4A3E-8147-46C86D983756}"
EndProject
Project("{FAE04EC0-301F-11D3-BF4B-00C04F79EFBC}") = "Tyuiu.PavlovaVV.Sprint1.Task5.V1", "Tyuiu.PavlovaVV.Sprint1.Task5.V1\Tyuiu.PavlovaVV.Sprint1.Task5.V1.csproj", "{7EEEB96D-B452-411B-B4D6-EA1375888C61}"
EndProject
Project("{FAE04EC0-301F-11D3-BF4B-00C04F79EFBC}") = "Tyuiu.PavlovaVV.Sprint1.Task5.V1.Lib", "Tyuiu.PavlovaVV.Sprint1.Task5.V1.Lib\Tyuiu.PavlovaVV.Sprint1.Task5.V1.Lib.csproj", "{72666FBA-DD65-4B03-9622-C45D538F081C}"
EndProject
Project("{FAE04EC0-301F-11D3-BF4B-00C04F79EFBC}") = "Tyuiu.PavlovaVV.Sprint1.Task5.V1.Test", "Tyuiu.PavlovaVV.Sprint1.Task5.V1.Test\Tyuiu.PavlovaVV.Sprint1.Task5.V1.Test.csproj", "{41589482-7D8A-4B8A-9F60-46A24BF8651B}"
EndProject
Global
	GlobalSection(SolutionConfigurationPlatforms) = preSolution
		Debug|Any CPU = Debug|Any CPU
		Release|Any CPU = Release|Any CPU
	EndGlobalSection
	GlobalSection(ProjectConfigurationPlatforms) = postSolution
		{BEC22F81-F477-4B26-A2BA-74A62B339B07}.Debug|Any CPU.ActiveCfg = Debug|Any CPU
		{BEC22F81-F477-4B26-A2BA-74A62B339B07}.Debug|Any CPU.Build.0 = Debug|Any CPU
		{BEC22F81-F477-4B26-A2BA-74A62B339B07}.Release|Any CPU.ActiveCfg = Release|Any CPU
		{BEC22F81-F477-4B26-A2BA-74A62B339B07}.Release|Any CPU.Build.0 = Release|Any CPU
		{A5286E3C-A9D8-4B50-BD32-3BA2600D8811}.Debug|Any CPU.ActiveCfg = Debug|Any CPU
		{A5286E3C-A9D8-4B50-BD32-3BA2600D8811}.Debug|Any CPU.Build.0 = Debug|Any CPU
		{A5286E3C-A9D8-4B50-BD32-3BA2600D8811}.Release|Any CPU.ActiveCfg = Release|Any CPU
		{A5286E3C-A9D8-4B50-BD32-3BA2600D8811}.Release|Any CPU.Build.0 = Release|Any CPU
		{73AD5393-A14F-4F9B-8307-78EF60B0E838}.Debug|Any CPU.ActiveCfg = Debug|Any CPU
		{73AD5393-A14F-4F9B-8307-78EF60B0E838}.Debug|Any CPU.Build.0 = Debug|Any CPU
		{73AD5393-A14F-4F9B-8307-78EF60B0E838}.Release|Any CPU.ActiveCfg = Release|Any CPU
		{73AD5393-A14F-4F9B-8307-78EF60B0E838}.Release|Any CPU.Build.0 = Release|Any CPU
		{2B715B1B-C441-4FDF-B7B4-2EEBD786D9F9}.Debug|Any CPU.ActiveCfg = Debug|Any CPU
		{2B715B1B-C441-4FDF-B7B4-2EEBD786D9F9}.Debug|Any CPU.Build.0 = Debug|Any CPU
		{2B715B1B-C441-4FDF-B7B4-2EEBD786D9F9}.Release|Any CPU.ActiveCfg = Release|Any CPU
		{2B715B1B-C441-4FDF-B7B4-2EEBD786D9F9}.Release|Any CPU.Build.0 = Release|Any CPU
		{8CF597FC-050D-463C-92C6-593EE023EF87}.Debug|Any CPU.ActiveCfg = Debug|Any CPU
		{8CF597FC-050D-463C-92C6-593EE023EF87}.Debug|Any CPU.Build.0 = Debug|Any CPU
		{8CF597FC-050D-463C-92C6-593EE023EF87}.Release|Any CPU.ActiveCfg = Release|Any CPU
		{8CF597FC-050D-463C-92C6-593EE023EF87}.Release|Any CPU.Build.0 = Release|Any CPU
		{46D00B4B-8F64-4776-AECD-7D56549B4D00}.Debug|Any CPU.ActiveCfg = Debug|Any CPU
		{46D00B4B-8F64-4776-AECD-7D56549B4D00}.Debug|Any CPU.Build.0 = Debug|Any CPU
		{46D00B4B-8F64-4776-AECD-7D56549B4D00}.Release|Any CPU.ActiveCfg = Release|Any CPU
		{46D00B4B-8F64-4776-AECD-7D56549B4D00}.Release|Any CPU.Build.0 = Release|Any CPU
		{BAA2FDBD-9DC0-46FD-A5E3-F5238F3B0008}.Debug|Any CPU.ActiveCfg = Debug|Any CPU
		{BAA2FDBD-9DC0-46FD-A5E3-F5238F3B0008}.Debug|Any CPU.Build.0 = Debug|Any CPU
		{BAA2FDBD-9DC0-46FD-A5E3-F5238F3B0008}.Release|Any CPU.ActiveCfg = Release|Any CPU
		{BAA2FDBD-9DC0-46FD-A5E3-F5238F3B0008}.Release|Any CPU.Build.0 = Release|Any CPU
		{C7FCA65E-74F5-4882-B8B7-AF7EFEEF98CA}.Debug|Any CPU.ActiveCfg = Debug|Any CPU
		{C7FCA65E-74F5-4882-B8B7-AF7EFEEF98CA}.Debug|Any CPU.Build.0 = Debug|Any CPU
		{C7FCA65E-74F5-4882-B8B7-AF7EFEEF98CA}.Release|Any CPU.ActiveCfg = Release|Any CPU
		{C7FCA65E-74F5-4882-B8B7-AF7EFEEF98CA}.Release|Any CPU.Build.0 = Release|Any CPU
		{09AEEB5E-CF33-40D3-A41A-05B3FF5151CA}.Debug|Any CPU.ActiveCfg = Debug|Any CPU
		{09AEEB5E-CF33-40D3-A41A-05B3FF5151CA}.Debug|Any CPU.Build.0 = Debug|Any CPU
		{09AEEB5E-CF33-40D3-A41A-05B3FF5151CA}.Release|Any CPU.ActiveCfg = Release|Any CPU
		{09AEEB5E-CF33-40D3-A41A-05B3FF5151CA}.Release|Any CPU.Build.0 = Release|Any CPU
		{804B8C06-7FFF-4072-9727-D7215406A46B}.Debug|Any CPU.ActiveCfg = Debug|Any CPU
		{804B8C06-7FFF-4072-9727-D7215406A46B}.Debug|Any CPU.Build.0 = Debug|Any CPU
		{804B8C06-7FFF-4072-9727-D7215406A46B}.Release|Any CPU.ActiveCfg = Release|Any CPU
		{804B8C06-7FFF-4072-9727-D7215406A46B}.Release|Any CPU.Build.0 = Release|Any CPU
		{716B21C3-C0CC-4B71-857E-6BD0243018C4}.Debug|Any CPU.ActiveCfg = Debug|Any CPU
		{716B21C3-C0CC-4B71-857E-6BD0243018C4}.Debug|Any CPU.Build.0 = Debug|Any CPU
		{716B21C3-C0CC-4B71-857E-6BD0243018C4}.Release|Any CPU.ActiveCfg = Release|Any CPU
		{716B21C3-C0CC-4B71-857E-6BD0243018C4}.Release|Any CPU.Build.0 = Release|Any CPU
		{84BE9BFD-6193-45AB-A6F2-2C4DBB9C970D}.Debug|Any CPU.ActiveCfg = Debug|Any CPU
		{84BE9BFD-6193-45AB-A6F2-2C4DBB9C970D}.Debug|Any CPU.Build.0 = Debug|Any CPU
		{84BE9BFD-6193-45AB-A6F2-2C4DBB9C970D}.Release|Any CPU.ActiveCfg = Release|Any CPU
		{84BE9BFD-6193-45AB-A6F2-2C4DBB9C970D}.Release|Any CPU.Build.0 = Release|Any CPU
		{64E6D624-FCA3-4881-A416-0F2E6D26CF2B}.Debug|Any CPU.ActiveCfg = Debug|Any CPU
		{64E6D624-FCA3-4881-A416-0F2E6D26CF2B}.Debug|Any CPU.Build.0 = Debug|Any CPU
		{64E6D624-FCA3-4881-A416-0F2E6D26CF2B}.Release|Any CPU.ActiveCfg = Release|Any CPU
		{64E6D624-FCA3-4881-A416-0F2E6D26CF2B}.Release|Any CPU.Build.0 = Release|Any CPU
		{701777AF-6F2F-44D9-8F3E-5C79F53D22C6}.Debug|Any CPU.ActiveCfg = Debug|Any CPU
		{701777AF-6F2F-44D9-8F3E-5C79F53D22C6}.Debug|Any CPU.Build.0 = Debug|Any CPU
		{701777AF-6F2F-44D9-8F3E-5C79F53D22C6}.Release|Any CPU.ActiveCfg = Release|Any CPU
		{701777AF-6F2F-44D9-8F3E-5C79F53D22C6}.Release|Any CPU.Build.0 = Release|Any CPU
		{8747005C-F369-4C2D-947F-34B2CDD443D2}.Debug|Any CPU.ActiveCfg = Debug|Any CPU
		{8747005C-F369-4C2D-947F-34B2CDD443D2}.Debug|Any CPU.Build.0 = Debug|Any CPU
		{8747005C-F369-4C2D-947F-34B2CDD443D2}.Release|Any CPU.ActiveCfg = Release|Any CPU
		{8747005C-F369-4C2D-947F-34B2CDD443D2}.Release|Any CPU.Build.0 = Release|Any CPU
		{7EEEB96D-B452-411B-B4D6-EA1375888C61}.Debug|Any CPU.ActiveCfg = Debug|Any CPU
		{7EEEB96D-B452-411B-B4D6-EA1375888C61}.Debug|Any CPU.Build.0 = Debug|Any CPU
		{7EEEB96D-B452-411B-B4D6-EA1375888C61}.Release|Any CPU.ActiveCfg = Release|Any CPU
		{7EEEB96D-B452-411B-B4D6-EA1375888C61}.Release|Any CPU.Build.0 = Release|Any CPU
		{72666FBA-DD65-4B03-9622-C45D538F081C}.Debug|Any CPU.ActiveCfg = Debug|Any CPU
		{72666FBA-DD65-4B03-9622-C45D538F081C}.Debug|Any CPU.Build.0 = Debug|Any CPU
		{72666FBA-DD65-4B03-9622-C45D538F081C}.Release|Any CPU.ActiveCfg = Release|Any CPU
		{72666FBA-DD65-4B03-9622-C45D538F081C}.Release|Any CPU.Build.0 = Release|Any CPU
		{41589482-7D8A-4B8A-9F60-46A24BF8651B}.Debug|Any CPU.ActiveCfg = Debug|Any CPU
		{41589482-7D8A-4B8A-9F60-46A24BF8651B}.Debug|Any CPU.Build.0 = Debug|Any CPU
		{41589482-7D8A-4B8A-9F60-46A24BF8651B}.Release|Any CPU.ActiveCfg = Release|Any CPU
		{41589482-7D8A-4B8A-9F60-46A24BF8651B}.Release|Any CPU.Build.0 = Release|Any CPU
	EndGlobalSection
	GlobalSection(SolutionProperties) = preSolution
		HideSolutionNode = FALSE
	EndGlobalSection
	GlobalSection(NestedProjects) = preSolution
		{BEC22F81-F477-4B26-A2BA-74A62B339B07} = {02EA681E-C7D8-13C7-8484-4AC65E1B71E8}
		{A5286E3C-A9D8-4B50-BD32-3BA2600D8811} = {02EA681E-C7D8-13C7-8484-4AC65E1B71E8}
		{73AD5393-A14F-4F9B-8307-78EF60B0E838} = {02EA681E-C7D8-13C7-8484-4AC65E1B71E8}
		{2B715B1B-C441-4FDF-B7B4-2EEBD786D9F9} = {FF413BC7-D60B-4D2F-B3EE-09899E2ADE73}
		{8CF597FC-050D-463C-92C6-593EE023EF87} = {FF413BC7-D60B-4D2F-B3EE-09899E2ADE73}
		{46D00B4B-8F64-4776-AECD-7D56549B4D00} = {FF413BC7-D60B-4D2F-B3EE-09899E2ADE73}
		{BAA2FDBD-9DC0-46FD-A5E3-F5238F3B0008} = {7AFBBA12-107F-460C-8577-7036AE272457}
		{C7FCA65E-74F5-4882-B8B7-AF7EFEEF98CA} = {7AFBBA12-107F-460C-8577-7036AE272457}
		{09AEEB5E-CF33-40D3-A41A-05B3FF5151CA} = {7AFBBA12-107F-460C-8577-7036AE272457}
		{804B8C06-7FFF-4072-9727-D7215406A46B} = {2B8D7848-990A-45ED-B719-59580F6F1029}
		{716B21C3-C0CC-4B71-857E-6BD0243018C4} = {2B8D7848-990A-45ED-B719-59580F6F1029}
		{84BE9BFD-6193-45AB-A6F2-2C4DBB9C970D} = {2B8D7848-990A-45ED-B719-59580F6F1029}
		{64E6D624-FCA3-4881-A416-0F2E6D26CF2B} = {44F66422-AC58-4DB5-A4D2-160FD53F9EB4}
		{701777AF-6F2F-44D9-8F3E-5C79F53D22C6} = {44F66422-AC58-4DB5-A4D2-160FD53F9EB4}
		{8747005C-F369-4C2D-947F-34B2CDD443D2} = {44F66422-AC58-4DB5-A4D2-160FD53F9EB4}
		{7EEEB96D-B452-411B-B4D6-EA1375888C61} = {8CEA41BA-FA08-4A3E-8147-46C86D983756}
		{72666FBA-DD65-4B03-9622-C45D538F081C} = {8CEA41BA-FA08-4A3E-8147-46C86D983756}
		{41589482-7D8A-4B8A-9F60-46A24BF8651B} = {8CEA41BA-FA08-4A3E-8147-46C86D983756}
	EndGlobalSection
	GlobalSection(ExtensibilityGlobals) = postSolution
		SolutionGuid = {A2C2F2EF-7A81-467A-A81D-79AFC5A812E3}
	EndGlobalSection
EndGlobal
